
Microsoft Visual Studio Solution File, Format Version 12.00
# Visual Studio Version 17
VisualStudioVersion = 17.0.31912.275
MinimumVisualStudioVersion = 10.0.40219.1
Project("{FAE04EC0-301F-11D3-BF4B-00C04F79EFBC}") = "SimpleTileWorld", "SimpleTileWorld\SimpleTileWorld.csproj", "{CE6AD3B8-7DBA-4315-9AFC-D22E25800D61}"
EndProject
Project("{FAE04EC0-301F-11D3-BF4B-00C04F79EFBC}") = "Model", "Model\Model.csproj", "{9B068B06-E587-431C-BC4C-E0B39DFB48DE}"
EndProject
Global
	GlobalSection(SolutionConfigurationPlatforms) = preSolution
		Debug|Any CPU = Debug|Any CPU
		Release|Any CPU = Release|Any CPU
	EndGlobalSection
	GlobalSection(ProjectConfigurationPlatforms) = postSolution
		{CE6AD3B8-7DBA-4315-9AFC-D22E25800D61}.Debug|Any CPU.ActiveCfg = Debug|Any CPU
		{CE6AD3B8-7DBA-4315-9AFC-D22E25800D61}.Debug|Any CPU.Build.0 = Debug|Any CPU
		{CE6AD3B8-7DBA-4315-9AFC-D22E25800D61}.Release|Any CPU.ActiveCfg = Release|Any CPU
		{CE6AD3B8-7DBA-4315-9AFC-D22E25800D61}.Release|Any CPU.Build.0 = Release|Any CPU
		{9B068B06-E587-431C-BC4C-E0B39DFB48DE}.Debug|Any CPU.ActiveCfg = Debug|Any CPU
		{9B068B06-E587-431C-BC4C-E0B39DFB48DE}.Debug|Any CPU.Build.0 = Debug|Any CPU
		{9B068B06-E587-431C-BC4C-E0B39DFB48DE}.Release|Any CPU.ActiveCfg = Release|Any CPU
		{9B068B06-E587-431C-BC4C-E0B39DFB48DE}.Release|Any CPU.Build.0 = Release|Any CPU
	EndGlobalSection
	GlobalSection(SolutionProperties) = preSolution
		HideSolutionNode = FALSE
	EndGlobalSection
	GlobalSection(ExtensibilityGlobals) = postSolution
		SolutionGuid = {15D14645-1154-40F2-AEF9-5415734356DD}
	EndGlobalSection
EndGlobal
